
Microsoft Visual Studio Solution File, Format Version 12.00
# Visual Studio 15
VisualStudioVersion = 15.0.27703.2035
MinimumVisualStudioVersion = 10.0.40219.1
Project("{FAE04EC0-301F-11D3-BF4B-00C04F79EFBC}") = "EFHiLoPractise", "EFHiLoPractise\EFHiLoPractise.csproj", "{CAA14B75-83B8-4567-A6CA-747EE532714C}"
EndProject
Global
	GlobalSection(SolutionConfigurationPlatforms) = preSolution
		Debug|Any CPU = Debug|Any CPU
		Release|Any CPU = Release|Any CPU
	EndGlobalSection
	GlobalSection(ProjectConfigurationPlatforms) = postSolution
		{CAA14B75-83B8-4567-A6CA-747EE532714C}.Debug|Any CPU.ActiveCfg = Debug|Any CPU
		{CAA14B75-83B8-4567-A6CA-747EE532714C}.Debug|Any CPU.Build.0 = Debug|Any CPU
		{CAA14B75-83B8-4567-A6CA-747EE532714C}.Release|Any CPU.ActiveCfg = Release|Any CPU
		{CAA14B75-83B8-4567-A6CA-747EE532714C}.Release|Any CPU.Build.0 = Release|Any CPU
	EndGlobalSection
	GlobalSection(SolutionProperties) = preSolution
		HideSolutionNode = FALSE
	EndGlobalSection
	GlobalSection(ExtensibilityGlobals) = postSolution
		SolutionGuid = {7AA7EC3F-E3D5-45A0-9C21-529F6E8A3030}
	EndGlobalSection
EndGlobal
